// !$*UTF8*$!
{
	archiveVersion = 1;
	classes = {
	};
	objectVersion = 48;
	objects = {

/* Begin PBXBuildFile section */
		CF69D152202238470071637E /* AppDelegate.swift in Sources */ = {isa = PBXBuildFile; fileRef = CF69D151202238470071637E /* AppDelegate.swift */; };
		CF69D154202238470071637E /* ViewController.swift in Sources */ = {isa = PBXBuildFile; fileRef = CF69D153202238470071637E /* ViewController.swift */; };
		CF69D157202238470071637E /* Main.storyboard in Resources */ = {isa = PBXBuildFile; fileRef = CF69D155202238470071637E /* Main.storyboard */; };
		CF69D15A202238470071637E /* ManageMe.xcdatamodeld in Sources */ = {isa = PBXBuildFile; fileRef = CF69D158202238470071637E /* ManageMe.xcdatamodeld */; };
		CF69D15C202238470071637E /* Assets.xcassets in Resources */ = {isa = PBXBuildFile; fileRef = CF69D15B202238470071637E /* Assets.xcassets */; };
		CF69D15F202238470071637E /* LaunchScreen.storyboard in Resources */ = {isa = PBXBuildFile; fileRef = CF69D15D202238470071637E /* LaunchScreen.storyboard */; };
		CF69D167202338740071637E /* TasksCenter.swift in Sources */ = {isa = PBXBuildFile; fileRef = CF69D166202338740071637E /* TasksCenter.swift */; };
/* End PBXBuildFile section */

/* Begin PBXFileReference section */
		CF69D14E202238470071637E /* ManageMe.app */ = {isa = PBXFileReference; explicitFileType = wrapper.application; includeInIndex = 0; path = ManageMe.app; sourceTree = BUILT_PRODUCTS_DIR; };
		CF69D151202238470071637E /* AppDelegate.swift */ = {isa = PBXFileReference; lastKnownFileType = sourcecode.swift; path = AppDelegate.swift; sourceTree = "<group>"; };
		CF69D153202238470071637E /* ViewController.swift */ = {isa = PBXFileReference; lastKnownFileType = sourcecode.swift; path = ViewController.swift; sourceTree = "<group>"; };
		CF69D156202238470071637E /* Base */ = {isa = PBXFileReference; lastKnownFileType = file.storyboard; name = Base; path = Base.lproj/Main.storyboard; sourceTree = "<group>"; };
		CF69D159202238470071637E /* ManageMe.xcdatamodel */ = {isa = PBXFileReference; lastKnownFileType = wrapper.xcdatamodel; path = ManageMe.xcdatamodel; sourceTree = "<group>"; };
		CF69D15B202238470071637E /* Assets.xcassets */ = {isa = PBXFileReference; lastKnownFileType = folder.assetcatalog; path = Assets.xcassets; sourceTree = "<group>"; };
		CF69D15E202238470071637E /* Base */ = {isa = PBXFileReference; lastKnownFileType = file.storyboard; name = Base; path = Base.lproj/LaunchScreen.storyboard; sourceTree = "<group>"; };
		CF69D160202238480071637E /* Info.plist */ = {isa = PBXFileReference; lastKnownFileType = text.plist.xml; path = Info.plist; sourceTree = "<group>"; };
		CF69D166202338740071637E /* TasksCenter.swift */ = {isa = PBXFileReference; lastKnownFileType = sourcecode.swift; path = TasksCenter.swift; sourceTree = "<group>"; };
/* End PBXFileReference section */

/* Begin PBXFrameworksBuildPhase section */
		CF69D14B202238470071637E /* Frameworks */ = {
			isa = PBXFrameworksBuildPhase;
			buildActionMask = 2147483647;
			files = (
			);
			runOnlyForDeploymentPostprocessing = 0;
		};
/* End PBXFrameworksBuildPhase section */

/* Begin PBXGroup section */
		CF69D145202238470071637E = {
			isa = PBXGroup;
			children = (
				CF69D150202238470071637E /* ManageMe */,
				CF69D14F202238470071637E /* Products */,
			);
			sourceTree = "<group>";
		};
		CF69D14F202238470071637E /* Products */ = {
			isa = PBXGroup;
			children = (
				CF69D14E202238470071637E /* ManageMe.app */,
			);
			name = Products;
			sourceTree = "<group>";
		};
		CF69D150202238470071637E /* ManageMe */ = {
			isa = PBXGroup;
			children = (
				CF69D151202238470071637E /* AppDelegate.swift */,
				CF69D153202238470071637E /* ViewController.swift */,
				CF69D166202338740071637E /* TasksCenter.swift */,
				CF69D155202238470071637E /* Main.storyboard */,
				CF69D15B202238470071637E /* Assets.xcassets */,
				CF69D15D202238470071637E /* LaunchScreen.storyboard */,
				CF69D160202238480071637E /* Info.plist */,
				CF69D158202238470071637E /* ManageMe.xcdatamodeld */,
			);
			path = ManageMe;
			sourceTree = "<group>";
		};
/* End PBXGroup section */

/* Begin PBXNativeTarget section */
		CF69D14D202238470071637E /* ManageMe */ = {
			isa = PBXNativeTarget;
			buildConfigurationList = CF69D163202238480071637E /* Build configuration list for PBXNativeTarget "ManageMe" */;
			buildPhases = (
				CF69D14A202238470071637E /* Sources */,
				CF69D14B202238470071637E /* Frameworks */,
				CF69D14C202238470071637E /* Resources */,
			);
			buildRules = (
			);
			dependencies = (
			);
			name = ManageMe;
			productName = ManageMe;
			productReference = CF69D14E202238470071637E /* ManageMe.app */;
			productType = "com.apple.product-type.application";
		};
/* End PBXNativeTarget section */

/* Begin PBXProject section */
		CF69D146202238470071637E /* Project object */ = {
			isa = PBXProject;
			attributes = {
				LastSwiftUpdateCheck = 0910;
				LastUpgradeCheck = 0910;
				ORGANIZATIONNAME = "Mehdi Ijadnazar";
				TargetAttributes = {
					CF69D14D202238470071637E = {
						CreatedOnToolsVersion = 9.1;
						ProvisioningStyle = Automatic;
					};
				};
			};
			buildConfigurationList = CF69D149202238470071637E /* Build configuration list for PBXProject "ManageMe" */;
			compatibilityVersion = "Xcode 8.0";
			developmentRegion = en;
			hasScannedForEncodings = 0;
			knownRegions = (
				en,
				Base,
			);
			mainGroup = CF69D145202238470071637E;
			productRefGroup = CF69D14F202238470071637E /* Products */;
			projectDirPath = "";
			projectRoot = "";
			targets = (
				CF69D14D202238470071637E /* ManageMe */,
			);
		};
/* End PBXProject section */

/* Begin PBXResourcesBuildPhase section */
		CF69D14C202238470071637E /* Resources */ = {
			isa = PBXResourcesBuildPhase;
			buildActionMask = 2147483647;
			files = (
				CF69D15F202238470071637E /* LaunchScreen.storyboard in Resources */,
				CF69D15C202238470071637E /* Assets.xcassets in Resources */,
				CF69D157202238470071637E /* Main.storyboard in Resources */,
			);
			runOnlyForDeploymentPostprocessing = 0;
		};
/* End PBXResourcesBuildPhase section */

/* Begin PBXSourcesBuildPhase section */
		CF69D14A202238470071637E /* Sources */ = {
			isa = PBXSourcesBuildPhase;
			buildActionMask = 2147483647;
			files = (
				CF69D154202238470071637E /* ViewController.swift in Sources */,
				CF69D15A202238470071637E /* ManageMe.xcdatamodeld in Sources */,
				CF69D152202238470071637E /* AppDelegate.swift in Sources */,
				CF69D167202338740071637E /* TasksCenter.swift in Sources */,
			);
			runOnlyForDeploymentPostprocessing = 0;
		};
/* End PBXSourcesBuildPhase section */

/* Begin PBXVariantGroup section */
		CF69D155202238470071637E /* Main.storyboard */ = {
			isa = PBXVariantGroup;
			children = (
				CF69D156202238470071637E /* Base */,
			);
			name = Main.storyboard;
			sourceTree = "<group>";
		};
		CF69D15D202238470071637E /* LaunchScreen.storyboard */ = {
			isa = PBXVariantGroup;
			children = (
				CF69D15E202238470071637E /* Base */,
			);
			name = LaunchScreen.storyboard;
			sourceTree = "<group>";
		};
/* End PBXVariantGroup section */

/* Begin XCBuildConfiguration section */
		CF69D161202238480071637E /* Debug */ = {
			isa = XCBuildConfiguration;
			buildSettings = {
				ALWAYS_SEARCH_USER_PATHS = NO;
				CLANG_ANALYZER_NONNULL = YES;
				CLANG_ANALYZER_NUMBER_OBJECT_CONVERSION = YES_AGGRESSIVE;
				CLANG_CXX_LANGUAGE_STANDARD = "gnu++14";
				CLANG_CXX_LIBRARY = "libc++";
				CLANG_ENABLE_MODULES = YES;
				CLANG_ENABLE_OBJC_ARC = YES;
				CLANG_WARN_BLOCK_CAPTURE_AUTORELEASING = YES;
				CLANG_WARN_BOOL_CONVERSION = YES;
				CLANG_WARN_COMMA = YES;
				CLANG_WARN_CONSTANT_CONVERSION = YES;
				CLANG_WARN_DIRECT_OBJC_ISA_USAGE = YES_ERROR;
				CLANG_WARN_DOCUMENTATION_COMMENTS = YES;
				CLANG_WARN_EMPTY_BODY = YES;
				CLANG_WARN_ENUM_CONVERSION = YES;
				CLANG_WARN_INFINITE_RECURSION = YES;
				CLANG_WARN_INT_CONVERSION = YES;
				CLANG_WARN_NON_LITERAL_NULL_CONVERSION = YES;
				CLANG_WARN_OBJC_LITERAL_CONVERSION = YES;
				CLANG_WARN_OBJC_ROOT_CLASS = YES_ERROR;
				CLANG_WARN_RANGE_LOOP_ANALYSIS = YES;
				CLANG_WARN_STRICT_PROTOTYPES = YES;
				CLANG_WARN_SUSPICIOUS_MOVE = YES;
				CLANG_WARN_UNGUARDED_AVAILABILITY = YES_AGGRESSIVE;
				CLANG_WARN_UNREACHABLE_CODE = YES;
				CLANG_WARN__DUPLICATE_METHOD_MATCH = YES;
				CODE_SIGN_IDENTITY = "iPhone Developer";
				COPY_PHASE_STRIP = NO;
				DEBUG_INFORMATION_FORMAT = dwarf;
				ENABLE_STRICT_OBJC_MSGSEND = YES;
				ENABLE_TESTABILITY = YES;
				GCC_C_LANGUAGE_STANDARD = gnu11;
				GCC_DYNAMIC_NO_PIC = NO;
				GCC_NO_COMMON_BLOCKS = YES;
				GCC_OPTIMIZATION_LEVEL = 0;
				GCC_PREPROCESSOR_DEFINITIONS = (
					"DEBUG=1",
					"$(inherited)",
				);
				GCC_WARN_64_TO_32_BIT_CONVERSION = YES;
				GCC_WARN_ABOUT_RETURN_TYPE = YES_ERROR;
				GCC_WARN_UNDECLARED_SELECTOR = YES;
				GCC_WARN_UNINITIALIZED_AUTOS = YES_AGGRESSIVE;
				GCC_WARN_UNUSED_FUNCTION = YES;
				GCC_WARN_UNUSED_VARIABLE = YES;
				IPHONEOS_DEPLOYMENT_TARGET = 11.1;
				MTL_ENABLE_DEBUG_INFO = YES;
				ONLY_ACTIVE_ARCH = YES;
				SDKROOT = iphoneos;
				SWIFT_ACTIVE_COMPILATION_CONDITIONS = DEBUG;
				SWIFT_OPTIMIZATION_LEVEL = "-Onone";
			};
			name = Debug;
		};
		CF69D162202238480071637E /* Release */ = {
			isa = XCBuildConfiguration;
			buildSettings = {
				ALWAYS_SEARCH_USER_PATHS = NO;
				CLANG_ANALYZER_NONNULL = YES;
				CLANG_ANALYZER_NUMBER_OBJECT_CONVERSION = YES_AGGRESSIVE;
				CLANG_CXX_LANGUAGE_STANDARD = "gnu++14";
				CLANG_CXX_LIBRARY = "libc++";
				CLANG_ENABLE_MODULES = YES;
				CLANG_ENABLE_OBJC_ARC = YES;
				CLANG_WARN_BLOCK_CAPTURE_AUTORELEASING = YES;
				CLANG_WARN_BOOL_CONVERSION = YES;
				CLANG_WARN_COMMA = YES;
				CLANG_WARN_CONSTANT_CONVERSION = YES;
				CLANG_WARN_DIRECT_OBJC_ISA_USAGE = YES_ERROR;
				CLANG_WARN_DOCUMENTATION_COMMENTS = YES;
				CLANG_WARN_EMPTY_BODY = YES;
				CLANG_WARN_ENUM_CONVERSION = YES;
				CLANG_WARN_INFINITE_RECURSION = YES;
				CLANG_WARN_INT_CONVERSION = YES;
				CLANG_WARN_NON_LITERAL_NULL_CONVERSION = YES;
				CLANG_WARN_OBJC_LITERAL_CONVERSION = YES;
				CLANG_WARN_OBJC_ROOT_CLASS = YES_ERROR;
				CLANG_WARN_RANGE_LOOP_ANALYSIS = YES;
				CLANG_WARN_STRICT_PROTOTYPES = YES;
				CLANG_WARN_SUSPICIOUS_MOVE = YES;
				CLANG_WARN_UNGUARDED_AVAILABILITY = YES_AGGRESSIVE;
				CLANG_WARN_UNREACHABLE_CODE = YES;
				CLANG_WARN__DUPLICATE_METHOD_MATCH = YES;
				CODE_SIGN_IDENTITY = "iPhone Developer";
				COPY_PHASE_STRIP = NO;
				DEBUG_INFORMATION_FORMAT = "dwarf-with-dsym";
				ENABLE_NS_ASSERTIONS = NO;
				ENABLE_STRICT_OBJC_MSGSEND = YES;
				GCC_C_LANGUAGE_STANDARD = gnu11;
				GCC_NO_COMMON_BLOCKS = YES;
				GCC_WARN_64_TO_32_BIT_CONVERSION = YES;
				GCC_WARN_ABOUT_RETURN_TYPE = YES_ERROR;
				GCC_WARN_UNDECLARED_SELECTOR = YES;
				GCC_WARN_UNINITIALIZED_AUTOS = YES_AGGRESSIVE;
				GCC_WARN_UNUSED_FUNCTION = YES;
				GCC_WARN_UNUSED_VARIABLE = YES;
				IPHONEOS_DEPLOYMENT_TARGET = 11.1;
				MTL_ENABLE_DEBUG_INFO = NO;
				SDKROOT = iphoneos;
				SWIFT_OPTIMIZATION_LEVEL = "-Owholemodule";
				VALIDATE_PRODUCT = YES;
			};
			name = Release;
		};
		CF69D164202238480071637E /* Debug */ = {
			isa = XCBuildConfiguration;
			buildSettings = {
				ASSETCATALOG_COMPILER_APPICON_NAME = AppIcon;
				CODE_SIGN_STYLE = Automatic;
				DEVELOPMENT_TEAM = 4544W8D2X8;
				INFOPLIST_FILE = ManageMe/Info.plist;
				LD_RUNPATH_SEARCH_PATHS = "$(inherited) @executable_path/Frameworks";
				PRODUCT_BUNDLE_IDENTIFIER = ManageMe.ManageMe;
				PRODUCT_NAME = "$(TARGET_NAME)";
				SWIFT_VERSION = 4.0;
				TARGETED_DEVICE_FAMILY = "1,2";
			};
			name = Debug;
		};
		CF69D165202238480071637E /* Release */ = {
			isa = XCBuildConfiguration;
			buildSettings = {
				ASSETCATALOG_COMPILER_APPICON_NAME = AppIcon;
				CODE_SIGN_STYLE = Automatic;
				DEVELOPMENT_TEAM = 4544W8D2X8;
				INFOPLIST_FILE = ManageMe/Info.plist;
				LD_RUNPATH_SEARCH_PATHS = "$(inherited) @executable_path/Frameworks";
				PRODUCT_BUNDLE_IDENTIFIER = ManageMe.ManageMe;
				PRODUCT_NAME = "$(TARGET_NAME)";
				SWIFT_VERSION = 4.0;
				TARGETED_DEVICE_FAMILY = "1,2";
			};
			name = Release;
		};
/* End XCBuildConfiguration section */

/* Begin XCConfigurationList section */
		CF69D149202238470071637E /* Build configuration list for PBXProject "ManageMe" */ = {
			isa = XCConfigurationList;
			buildConfigurations = (
				CF69D161202238480071637E /* Debug */,
				CF69D162202238480071637E /* Release */,
			);
			defaultConfigurationIsVisible = 0;
			defaultConfigurationName = Release;
		};
		CF69D163202238480071637E /* Build configuration list for PBXNativeTarget "ManageMe" */ = {
			isa = XCConfigurationList;
			buildConfigurations = (
				CF69D164202238480071637E /* Debug */,
				CF69D165202238480071637E /* Release */,
			);
			defaultConfigurationIsVisible = 0;
			defaultConfigurationName = Release;
		};
/* End XCConfigurationList section */

/* Begin XCVersionGroup section */
		CF69D158202238470071637E /* ManageMe.xcdatamodeld */ = {
			isa = XCVersionGroup;
			children = (
				CF69D159202238470071637E /* ManageMe.xcdatamodel */,
			);
			currentVersion = CF69D159202238470071637E /* ManageMe.xcdatamodel */;
			path = ManageMe.xcdatamodeld;
			sourceTree = "<group>";
			versionGroupType = wrapper.xcdatamodel;
		};
/* End XCVersionGroup section */
	};
	rootObject = CF69D146202238470071637E /* Project object */;
}
